# This file is autogenerated, do not edit; changes may be undone by the next 'dep ensure'.


[[projects]]
  branch = "master"
  name = "github.com/donovanhide/eventsource"
  packages = ["."]
  revision = "b8f31a59085e69dd2678cf51840db2ac625cb741"

[[projects]]
  name = "github.com/gambol99/go-marathon"
  packages = ["."]
  revision = "6b00a5b651b1beb2c6821863f7c60df490bd46c8"
  version = "v0.7.1"

[[projects]]
  branch = "master"
  name = "github.com/google/go-querystring"
  packages = ["query"]
  revision = "53e6ce116135b80d037921a7fdd5138cf32d7a8a"

[[projects]]
  branch = "master"
  name = "github.com/samuel/go-zookeeper"
  packages = ["zk"]
  revision = "e6b59f6144beb8570562539c1898a0b1fea34b41"

[solve-meta]
  analyzer-name = "dep"
  analyzer-version = 1
  inputs-digest = "a9a9763d5580c59e102a26d43da717a441cbf71aa050955b0a146e620ab673df"
  solver-name = "gps-cdcl"
  solver-version = 1
